
Microsoft Visual Studio Solution File, Format Version 12.00
# Visual Studio 2012
Project("{FAE04EC0-301F-11D3-BF4B-00C04F79EFBC}") = "ShrunkenHeadStudios", "ShrunkenHeadStudios\ShrunkenHeadStudios.csproj", "{69063D12-48D4-4CAD-84EC-9719A0AE8DFD}"
EndProject
Project("{FAE04EC0-301F-11D3-BF4B-00C04F79EFBC}") = "ShrunkenHeadStudios.Core", "ShrunkenHeadStudios.Core\ShrunkenHeadStudios.Core.csproj", "{58D2B90B-6E62-40AD-AA82-80D72BAB4DFD}"
EndProject
Global
	GlobalSection(SolutionConfigurationPlatforms) = preSolution
		Debug|Any CPU = Debug|Any CPU
		Release|Any CPU = Release|Any CPU
	EndGlobalSection
	GlobalSection(ProjectConfigurationPlatforms) = postSolution
		{69063D12-48D4-4CAD-84EC-9719A0AE8DFD}.Debug|Any CPU.ActiveCfg = Debug|Any CPU
		{69063D12-48D4-4CAD-84EC-9719A0AE8DFD}.Debug|Any CPU.Build.0 = Debug|Any CPU
		{69063D12-48D4-4CAD-84EC-9719A0AE8DFD}.Release|Any CPU.ActiveCfg = Release|Any CPU
		{69063D12-48D4-4CAD-84EC-9719A0AE8DFD}.Release|Any CPU.Build.0 = Release|Any CPU
		{58D2B90B-6E62-40AD-AA82-80D72BAB4DFD}.Debug|Any CPU.ActiveCfg = Debug|Any CPU
		{58D2B90B-6E62-40AD-AA82-80D72BAB4DFD}.Debug|Any CPU.Build.0 = Debug|Any CPU
		{58D2B90B-6E62-40AD-AA82-80D72BAB4DFD}.Release|Any CPU.ActiveCfg = Release|Any CPU
		{58D2B90B-6E62-40AD-AA82-80D72BAB4DFD}.Release|Any CPU.Build.0 = Release|Any CPU
	EndGlobalSection
	GlobalSection(SolutionProperties) = preSolution
		HideSolutionNode = FALSE
	EndGlobalSection
EndGlobal
